
Microsoft Visual Studio Solution File, Format Version 12.00
# Visual Studio 15
VisualStudioVersion = 15.0.27130.2010
MinimumVisualStudioVersion = 10.0.40219.1
Project("{FAE04EC0-301F-11D3-BF4B-00C04F79EFBC}") = "CSharpCollections", "CSharpCollections\CSharpCollections.csproj", "{B45423A0-2294-44D3-98B0-AF04AB9B1416}"
EndProject
Project("{FAE04EC0-301F-11D3-BF4B-00C04F79EFBC}") = "CSharpCollections_2", "CSharpCollections_2\CSharpCollections_2.csproj", "{ADBF5C15-5709-4903-A618-27CAAF7F1DC7}"
EndProject
Project("{FAE04EC0-301F-11D3-BF4B-00C04F79EFBC}") = "CSharpCollections_3", "CSharpCollections_3\CSharpCollections_3.csproj", "{809B5A0C-4187-41FB-A45F-6F893CD10180}"
EndProject
Project("{FAE04EC0-301F-11D3-BF4B-00C04F79EFBC}") = "CSharpCollections_4", "CSharpCollections_4\CSharpCollections_4.csproj", "{163CE26F-C6F5-4F66-AD7B-B986449F703D}"
EndProject
Global
	GlobalSection(SolutionConfigurationPlatforms) = preSolution
		Debug|Any CPU = Debug|Any CPU
		Release|Any CPU = Release|Any CPU
	EndGlobalSection
	GlobalSection(ProjectConfigurationPlatforms) = postSolution
		{B45423A0-2294-44D3-98B0-AF04AB9B1416}.Debug|Any CPU.ActiveCfg = Debug|Any CPU
		{B45423A0-2294-44D3-98B0-AF04AB9B1416}.Debug|Any CPU.Build.0 = Debug|Any CPU
		{B45423A0-2294-44D3-98B0-AF04AB9B1416}.Release|Any CPU.ActiveCfg = Release|Any CPU
		{B45423A0-2294-44D3-98B0-AF04AB9B1416}.Release|Any CPU.Build.0 = Release|Any CPU
		{ADBF5C15-5709-4903-A618-27CAAF7F1DC7}.Debug|Any CPU.ActiveCfg = Debug|Any CPU
		{ADBF5C15-5709-4903-A618-27CAAF7F1DC7}.Debug|Any CPU.Build.0 = Debug|Any CPU
		{ADBF5C15-5709-4903-A618-27CAAF7F1DC7}.Release|Any CPU.ActiveCfg = Release|Any CPU
		{ADBF5C15-5709-4903-A618-27CAAF7F1DC7}.Release|Any CPU.Build.0 = Release|Any CPU
		{809B5A0C-4187-41FB-A45F-6F893CD10180}.Debug|Any CPU.ActiveCfg = Debug|Any CPU
		{809B5A0C-4187-41FB-A45F-6F893CD10180}.Debug|Any CPU.Build.0 = Debug|Any CPU
		{809B5A0C-4187-41FB-A45F-6F893CD10180}.Release|Any CPU.ActiveCfg = Release|Any CPU
		{809B5A0C-4187-41FB-A45F-6F893CD10180}.Release|Any CPU.Build.0 = Release|Any CPU
		{163CE26F-C6F5-4F66-AD7B-B986449F703D}.Debug|Any CPU.ActiveCfg = Debug|Any CPU
		{163CE26F-C6F5-4F66-AD7B-B986449F703D}.Debug|Any CPU.Build.0 = Debug|Any CPU
		{163CE26F-C6F5-4F66-AD7B-B986449F703D}.Release|Any CPU.ActiveCfg = Release|Any CPU
		{163CE26F-C6F5-4F66-AD7B-B986449F703D}.Release|Any CPU.Build.0 = Release|Any CPU
	EndGlobalSection
	GlobalSection(SolutionProperties) = preSolution
		HideSolutionNode = FALSE
	EndGlobalSection
	GlobalSection(ExtensibilityGlobals) = postSolution
		SolutionGuid = {7B2CB269-717A-4AD4-9347-02477F0F7051}
	EndGlobalSection
EndGlobal
