
Microsoft Visual Studio Solution File, Format Version 12.00
# Visual Studio 15
VisualStudioVersion = 15.0.27130.2010
MinimumVisualStudioVersion = 10.0.40219.1
Project("{FAE04EC0-301F-11D3-BF4B-00C04F79EFBC}") = "CSharpCollections", "CSharpCollections\CSharpCollections.csproj", "{B45423A0-2294-44D3-98B0-AF04AB9B1416}"
EndProject
Project("{FAE04EC0-301F-11D3-BF4B-00C04F79EFBC}") = "CSharpCollections_2", "CSharpCollections_2\CSharpCollections_2.csproj", "{ADBF5C15-5709-4903-A618-27CAAF7F1DC7}"
EndProject
Project("{FAE04EC0-301F-11D3-BF4B-00C04F79EFBC}") = "CSharpCollections_3", "CSharpCollections_3\CSharpCollections_3.csproj", "{809B5A0C-4187-41FB-A45F-6F893CD10180}"
EndProject
Project("{FAE04EC0-301F-11D3-BF4B-00C04F79EFBC}") = "CSharpCollections_4", "CSharpCollections_4\CSharpCollections_4.csproj", "{163CE26F-C6F5-4F66-AD7B-B986449F703D}"
EndProject
Project("{FAE04EC0-301F-11D3-BF4B-00C04F79EFBC}") = "CSharpCollections_5", "CSharpCollections_5\CSharpCollections_5.csproj", "{C094FF39-9E4C-4797-8B27-10A1DF9A6B00}"
EndProject
Project("{FAE04EC0-301F-11D3-BF4B-00C04F79EFBC}") = "CSharpCollections", "CSharpCollections2_1\CSharpCollections.csproj", "{601AD8D3-EFB6-425E-86FD-DEEAD93BF19C}"
EndProject
Project("{FAE04EC0-301F-11D3-BF4B-00C04F79EFBC}") = "CSharpCollections_2", "CSharpCollections2_2\CSharpCollections_2.csproj", "{377D84E4-1AD6-4FD5-B752-BA64B75CD500}"
EndProject
Project("{FAE04EC0-301F-11D3-BF4B-00C04F79EFBC}") = "CSharpCollections_3", "CSharpCollections2_3\CSharpCollections_3.csproj", "{A4BA172B-ECA7-4BDB-A46E-B999F2C8AD86}"
EndProject
Project("{2150E333-8FDC-42A3-9474-1A3956D46DE8}") = "Parte 1", "Parte 1", "{1CD35DF6-8479-41EC-A3F3-2F4E53AD64CB}"
EndProject
Project("{2150E333-8FDC-42A3-9474-1A3956D46DE8}") = "Parte 2", "Parte 2", "{9E4B73EC-99F2-4F5E-A9F3-18929139CE96}"
EndProject
Project("{FAE04EC0-301F-11D3-BF4B-00C04F79EFBC}") = "CSharpCollections_4", "CSharpCollection_4\CSharpCollections_4.csproj", "{679CC686-1934-49FB-990C-6CC0BFCE4DD4}"
EndProject
Global
	GlobalSection(SolutionConfigurationPlatforms) = preSolution
		Debug|Any CPU = Debug|Any CPU
		Release|Any CPU = Release|Any CPU
	EndGlobalSection
	GlobalSection(ProjectConfigurationPlatforms) = postSolution
		{B45423A0-2294-44D3-98B0-AF04AB9B1416}.Debug|Any CPU.ActiveCfg = Debug|Any CPU
		{B45423A0-2294-44D3-98B0-AF04AB9B1416}.Debug|Any CPU.Build.0 = Debug|Any CPU
		{B45423A0-2294-44D3-98B0-AF04AB9B1416}.Release|Any CPU.ActiveCfg = Release|Any CPU
		{B45423A0-2294-44D3-98B0-AF04AB9B1416}.Release|Any CPU.Build.0 = Release|Any CPU
		{ADBF5C15-5709-4903-A618-27CAAF7F1DC7}.Debug|Any CPU.ActiveCfg = Debug|Any CPU
		{ADBF5C15-5709-4903-A618-27CAAF7F1DC7}.Debug|Any CPU.Build.0 = Debug|Any CPU
		{ADBF5C15-5709-4903-A618-27CAAF7F1DC7}.Release|Any CPU.ActiveCfg = Release|Any CPU
		{ADBF5C15-5709-4903-A618-27CAAF7F1DC7}.Release|Any CPU.Build.0 = Release|Any CPU
		{809B5A0C-4187-41FB-A45F-6F893CD10180}.Debug|Any CPU.ActiveCfg = Debug|Any CPU
		{809B5A0C-4187-41FB-A45F-6F893CD10180}.Debug|Any CPU.Build.0 = Debug|Any CPU
		{809B5A0C-4187-41FB-A45F-6F893CD10180}.Release|Any CPU.ActiveCfg = Release|Any CPU
		{809B5A0C-4187-41FB-A45F-6F893CD10180}.Release|Any CPU.Build.0 = Release|Any CPU
		{163CE26F-C6F5-4F66-AD7B-B986449F703D}.Debug|Any CPU.ActiveCfg = Debug|Any CPU
		{163CE26F-C6F5-4F66-AD7B-B986449F703D}.Debug|Any CPU.Build.0 = Debug|Any CPU
		{163CE26F-C6F5-4F66-AD7B-B986449F703D}.Release|Any CPU.ActiveCfg = Release|Any CPU
		{163CE26F-C6F5-4F66-AD7B-B986449F703D}.Release|Any CPU.Build.0 = Release|Any CPU
		{C094FF39-9E4C-4797-8B27-10A1DF9A6B00}.Debug|Any CPU.ActiveCfg = Debug|Any CPU
		{C094FF39-9E4C-4797-8B27-10A1DF9A6B00}.Debug|Any CPU.Build.0 = Debug|Any CPU
		{C094FF39-9E4C-4797-8B27-10A1DF9A6B00}.Release|Any CPU.ActiveCfg = Release|Any CPU
		{C094FF39-9E4C-4797-8B27-10A1DF9A6B00}.Release|Any CPU.Build.0 = Release|Any CPU
		{601AD8D3-EFB6-425E-86FD-DEEAD93BF19C}.Debug|Any CPU.ActiveCfg = Debug|Any CPU
		{601AD8D3-EFB6-425E-86FD-DEEAD93BF19C}.Debug|Any CPU.Build.0 = Debug|Any CPU
		{601AD8D3-EFB6-425E-86FD-DEEAD93BF19C}.Release|Any CPU.ActiveCfg = Release|Any CPU
		{601AD8D3-EFB6-425E-86FD-DEEAD93BF19C}.Release|Any CPU.Build.0 = Release|Any CPU
		{377D84E4-1AD6-4FD5-B752-BA64B75CD500}.Debug|Any CPU.ActiveCfg = Debug|Any CPU
		{377D84E4-1AD6-4FD5-B752-BA64B75CD500}.Debug|Any CPU.Build.0 = Debug|Any CPU
		{377D84E4-1AD6-4FD5-B752-BA64B75CD500}.Release|Any CPU.ActiveCfg = Release|Any CPU
		{377D84E4-1AD6-4FD5-B752-BA64B75CD500}.Release|Any CPU.Build.0 = Release|Any CPU
		{A4BA172B-ECA7-4BDB-A46E-B999F2C8AD86}.Debug|Any CPU.ActiveCfg = Debug|Any CPU
		{A4BA172B-ECA7-4BDB-A46E-B999F2C8AD86}.Debug|Any CPU.Build.0 = Debug|Any CPU
		{A4BA172B-ECA7-4BDB-A46E-B999F2C8AD86}.Release|Any CPU.ActiveCfg = Release|Any CPU
		{A4BA172B-ECA7-4BDB-A46E-B999F2C8AD86}.Release|Any CPU.Build.0 = Release|Any CPU
		{679CC686-1934-49FB-990C-6CC0BFCE4DD4}.Debug|Any CPU.ActiveCfg = Debug|Any CPU
		{679CC686-1934-49FB-990C-6CC0BFCE4DD4}.Debug|Any CPU.Build.0 = Debug|Any CPU
		{679CC686-1934-49FB-990C-6CC0BFCE4DD4}.Release|Any CPU.ActiveCfg = Release|Any CPU
		{679CC686-1934-49FB-990C-6CC0BFCE4DD4}.Release|Any CPU.Build.0 = Release|Any CPU
	EndGlobalSection
	GlobalSection(SolutionProperties) = preSolution
		HideSolutionNode = FALSE
	EndGlobalSection
	GlobalSection(NestedProjects) = preSolution
		{B45423A0-2294-44D3-98B0-AF04AB9B1416} = {1CD35DF6-8479-41EC-A3F3-2F4E53AD64CB}
		{ADBF5C15-5709-4903-A618-27CAAF7F1DC7} = {1CD35DF6-8479-41EC-A3F3-2F4E53AD64CB}
		{809B5A0C-4187-41FB-A45F-6F893CD10180} = {1CD35DF6-8479-41EC-A3F3-2F4E53AD64CB}
		{163CE26F-C6F5-4F66-AD7B-B986449F703D} = {1CD35DF6-8479-41EC-A3F3-2F4E53AD64CB}
		{C094FF39-9E4C-4797-8B27-10A1DF9A6B00} = {1CD35DF6-8479-41EC-A3F3-2F4E53AD64CB}
		{601AD8D3-EFB6-425E-86FD-DEEAD93BF19C} = {9E4B73EC-99F2-4F5E-A9F3-18929139CE96}
		{377D84E4-1AD6-4FD5-B752-BA64B75CD500} = {9E4B73EC-99F2-4F5E-A9F3-18929139CE96}
		{A4BA172B-ECA7-4BDB-A46E-B999F2C8AD86} = {9E4B73EC-99F2-4F5E-A9F3-18929139CE96}
		{679CC686-1934-49FB-990C-6CC0BFCE4DD4} = {9E4B73EC-99F2-4F5E-A9F3-18929139CE96}
	EndGlobalSection
	GlobalSection(ExtensibilityGlobals) = postSolution
		SolutionGuid = {7B2CB269-717A-4AD4-9347-02477F0F7051}
	EndGlobalSection
EndGlobal
